
Microsoft Visual Studio Solution File, Format Version 12.00
# Visual Studio Version 16
VisualStudioVersion = 16.0.31515.178
MinimumVisualStudioVersion = 10.0.40219.1
Project("{FAE04EC0-301F-11D3-BF4B-00C04F79EFBC}") = "GroupPrac", "GroupPrac\GroupPrac.csproj", "{20AC0564-7AB5-4BF7-BE36-5A2C66999EAD}"
EndProject
Global
	GlobalSection(SolutionConfigurationPlatforms) = preSolution
		Debug|Any CPU = Debug|Any CPU
		Release|Any CPU = Release|Any CPU
	EndGlobalSection
	GlobalSection(ProjectConfigurationPlatforms) = postSolution
		{20AC0564-7AB5-4BF7-BE36-5A2C66999EAD}.Debug|Any CPU.ActiveCfg = Debug|Any CPU
		{20AC0564-7AB5-4BF7-BE36-5A2C66999EAD}.Debug|Any CPU.Build.0 = Debug|Any CPU
		{20AC0564-7AB5-4BF7-BE36-5A2C66999EAD}.Release|Any CPU.ActiveCfg = Release|Any CPU
		{20AC0564-7AB5-4BF7-BE36-5A2C66999EAD}.Release|Any CPU.Build.0 = Release|Any CPU
	EndGlobalSection
	GlobalSection(SolutionProperties) = preSolution
		HideSolutionNode = FALSE
	EndGlobalSection
	GlobalSection(ExtensibilityGlobals) = postSolution
		SolutionGuid = {7A207540-F08D-4EDD-90BE-E65E1F385AC0}
	EndGlobalSection
EndGlobal
